// !$*UTF8*$!
{
	archiveVersion = 1;
	classes = {
	};
	objectVersion = 46;
	objects = {

/* Begin PBXBuildFile section */
		2916B8471C96FFC9003A1AF9 /* main.m in Sources */ = {isa = PBXBuildFile; fileRef = 2916B8461C96FFC9003A1AF9 /* main.m */; };
		2916B84A1C96FFC9003A1AF9 /* AppDelegate.m in Sources */ = {isa = PBXBuildFile; fileRef = 2916B8491C96FFC9003A1AF9 /* AppDelegate.m */; };
		2916B84D1C96FFC9003A1AF9 /* DemoViewController.m in Sources */ = {isa = PBXBuildFile; fileRef = 2916B84C1C96FFC9003A1AF9 /* DemoViewController.m */; };
		2916B8501C96FFC9003A1AF9 /* Main.storyboard in Resources */ = {isa = PBXBuildFile; fileRef = 2916B84E1C96FFC9003A1AF9 /* Main.storyboard */; };
		2916B8551C96FFC9003A1AF9 /* LaunchScreen.storyboard in Resources */ = {isa = PBXBuildFile; fileRef = 2916B8531C96FFC9003A1AF9 /* LaunchScreen.storyboard */; };
		292C68351E51F86D0010F799 /* UIImageView+CornerRadius.m in Sources */ = {isa = PBXBuildFile; fileRef = 292C68341E51F86D0010F799 /* UIImageView+CornerRadius.m */; };
		292C683F1E51FF4F0010F799 /* DemoDanmakuItemA.m in Sources */ = {isa = PBXBuildFile; fileRef = 292C683E1E51FF4F0010F799 /* DemoDanmakuItemA.m */; };
		292C68421E51FF620010F799 /* DemoDanmakuItemAData.m in Sources */ = {isa = PBXBuildFile; fileRef = 292C68411E51FF620010F799 /* DemoDanmakuItemAData.m */; };
		292C68441E52003D0010F799 /* DemoDanmakuItemA.xib in Resources */ = {isa = PBXBuildFile; fileRef = 292C68431E52003D0010F799 /* DemoDanmakuItemA.xib */; };
		2932E7D31E5364AA001006EA /* FXDanmaku.m in Sources */ = {isa = PBXBuildFile; fileRef = 2932E7C21E5364AA001006EA /* FXDanmaku.m */; };
		2932E7D41E5364AA001006EA /* FXDanmakuConfiguration.m in Sources */ = {isa = PBXBuildFile; fileRef = 2932E7C41E5364AA001006EA /* FXDanmakuConfiguration.m */; };
		2932E7D51E5364AA001006EA /* FXDanmakuItem.m in Sources */ = {isa = PBXBuildFile; fileRef = 2932E7C61E5364AA001006EA /* FXDanmakuItem.m */; };
		2932E7D61E5364AA001006EA /* FXDanmakuItemData.m in Sources */ = {isa = PBXBuildFile; fileRef = 2932E7C91E5364AA001006EA /* FXDanmakuItemData.m */; };
		2932E7D71E5364AA001006EA /* FXGCDOperationQueue.m in Sources */ = {isa = PBXBuildFile; fileRef = 2932E7CC1E5364AA001006EA /* FXGCDOperationQueue.m */; };
		2932E7D81E5364AA001006EA /* FXGCDTimer.m in Sources */ = {isa = PBXBuildFile; fileRef = 2932E7CE1E5364AA001006EA /* FXGCDTimer.m */; };
		2932E7D91E5364AA001006EA /* FXReusableObjectQueue.m in Sources */ = {isa = PBXBuildFile; fileRef = 2932E7D01E5364AA001006EA /* FXReusableObjectQueue.m */; };
		2932E7DA1E5364AA001006EA /* FXSingleRowItemsManager.m in Sources */ = {isa = PBXBuildFile; fileRef = 2932E7D21E5364AA001006EA /* FXSingleRowItemsManager.m */; };
		29FEE2001E53633B0059CFE5 /* RRFPSBar.m in Sources */ = {isa = PBXBuildFile; fileRef = 29FEE1FF1E53633B0059CFE5 /* RRFPSBar.m */; };
		652CC5D91E4B29B0002465C2 /* Assets.xcassets in Resources */ = {isa = PBXBuildFile; fileRef = 652CC5D81E4B29B0002465C2 /* Assets.xcassets */; };
		D0E737B21CB1057400BAC448 /* NSObject+FXAlertView.m in Sources */ = {isa = PBXBuildFile; fileRef = D0E737B11CB1057400BAC448 /* NSObject+FXAlertView.m */; };
/* End PBXBuildFile section */

/* Begin PBXFileReference section */
		2916B8421C96FFC9003A1AF9 /* FXDanmakuDemo.app */ = {isa = PBXFileReference; explicitFileType = wrapper.application; includeInIndex = 0; path = FXDanmakuDemo.app; sourceTree = BUILT_PRODUCTS_DIR; };
		2916B8461C96FFC9003A1AF9 /* main.m */ = {isa = PBXFileReference; lastKnownFileType = sourcecode.c.objc; path = main.m; sourceTree = "<group>"; };
		2916B8481C96FFC9003A1AF9 /* AppDelegate.h */ = {isa = PBXFileReference; lastKnownFileType = sourcecode.c.h; path = AppDelegate.h; sourceTree = "<group>"; };
		2916B8491C96FFC9003A1AF9 /* AppDelegate.m */ = {isa = PBXFileReference; lastKnownFileType = sourcecode.c.objc; path = AppDelegate.m; sourceTree = "<group>"; };
		2916B84B1C96FFC9003A1AF9 /* DemoViewController.h */ = {isa = PBXFileReference; lastKnownFileType = sourcecode.c.h; path = DemoViewController.h; sourceTree = "<group>"; };
		2916B84C1C96FFC9003A1AF9 /* DemoViewController.m */ = {isa = PBXFileReference; lastKnownFileType = sourcecode.c.objc; path = DemoViewController.m; sourceTree = "<group>"; };
		2916B84F1C96FFC9003A1AF9 /* Base */ = {isa = PBXFileReference; lastKnownFileType = file.storyboard; name = Base; path = Base.lproj/Main.storyboard; sourceTree = "<group>"; };
		2916B8541C96FFC9003A1AF9 /* Base */ = {isa = PBXFileReference; lastKnownFileType = file.storyboard; name = Base; path = Base.lproj/LaunchScreen.storyboard; sourceTree = "<group>"; };
		2916B8561C96FFC9003A1AF9 /* Info.plist */ = {isa = PBXFileReference; lastKnownFileType = text.plist.xml; path = Info.plist; sourceTree = "<group>"; };
		292C68331E51F86D0010F799 /* UIImageView+CornerRadius.h */ = {isa = PBXFileReference; fileEncoding = 4; lastKnownFileType = sourcecode.c.h; path = "UIImageView+CornerRadius.h"; sourceTree = "<group>"; };
		292C68341E51F86D0010F799 /* UIImageView+CornerRadius.m */ = {isa = PBXFileReference; fileEncoding = 4; lastKnownFileType = sourcecode.c.objc; path = "UIImageView+CornerRadius.m"; sourceTree = "<group>"; };
		292C683D1E51FF4F0010F799 /* DemoDanmakuItemA.h */ = {isa = PBXFileReference; fileEncoding = 4; lastKnownFileType = sourcecode.c.h; path = DemoDanmakuItemA.h; sourceTree = "<group>"; };
		292C683E1E51FF4F0010F799 /* DemoDanmakuItemA.m */ = {isa = PBXFileReference; fileEncoding = 4; lastKnownFileType = sourcecode.c.objc; path = DemoDanmakuItemA.m; sourceTree = "<group>"; };
		292C68401E51FF620010F799 /* DemoDanmakuItemAData.h */ = {isa = PBXFileReference; fileEncoding = 4; lastKnownFileType = sourcecode.c.h; path = DemoDanmakuItemAData.h; sourceTree = "<group>"; };
		292C68411E51FF620010F799 /* DemoDanmakuItemAData.m */ = {isa = PBXFileReference; fileEncoding = 4; lastKnownFileType = sourcecode.c.objc; path = DemoDanmakuItemAData.m; sourceTree = "<group>"; };
		292C68431E52003D0010F799 /* DemoDanmakuItemA.xib */ = {isa = PBXFileReference; fileEncoding = 4; lastKnownFileType = file.xib; path = DemoDanmakuItemA.xib; sourceTree = "<group>"; };
		2932E7C11E5364AA001006EA /* FXDanmaku.h */ = {isa = PBXFileReference; fileEncoding = 4; lastKnownFileType = sourcecode.c.h; path = FXDanmaku.h; sourceTree = "<group>"; };
		2932E7C21E5364AA001006EA /* FXDanmaku.m */ = {isa = PBXFileReference; fileEncoding = 4; lastKnownFileType = sourcecode.c.objc; path = FXDanmaku.m; sourceTree = "<group>"; };
		2932E7C31E5364AA001006EA /* FXDanmakuConfiguration.h */ = {isa = PBXFileReference; fileEncoding = 4; lastKnownFileType = sourcecode.c.h; path = FXDanmakuConfiguration.h; sourceTree = "<group>"; };
		2932E7C41E5364AA001006EA /* FXDanmakuConfiguration.m */ = {isa = PBXFileReference; fileEncoding = 4; lastKnownFileType = sourcecode.c.objc; path = FXDanmakuConfiguration.m; sourceTree = "<group>"; };
		2932E7C51E5364AA001006EA /* FXDanmakuItem.h */ = {isa = PBXFileReference; fileEncoding = 4; lastKnownFileType = sourcecode.c.h; path = FXDanmakuItem.h; sourceTree = "<group>"; };
		2932E7C61E5364AA001006EA /* FXDanmakuItem.m */ = {isa = PBXFileReference; fileEncoding = 4; lastKnownFileType = sourcecode.c.objc; path = FXDanmakuItem.m; sourceTree = "<group>"; };
		2932E7C71E5364AA001006EA /* FXDanmakuItem_Private.h */ = {isa = PBXFileReference; fileEncoding = 4; lastKnownFileType = sourcecode.c.h; path = FXDanmakuItem_Private.h; sourceTree = "<group>"; };
		2932E7C81E5364AA001006EA /* FXDanmakuItemData.h */ = {isa = PBXFileReference; fileEncoding = 4; lastKnownFileType = sourcecode.c.h; path = FXDanmakuItemData.h; sourceTree = "<group>"; };
		2932E7C91E5364AA001006EA /* FXDanmakuItemData.m */ = {isa = PBXFileReference; fileEncoding = 4; lastKnownFileType = sourcecode.c.objc; path = FXDanmakuItemData.m; sourceTree = "<group>"; };
		2932E7CA1E5364AA001006EA /* FXDanmakuMacro.h */ = {isa = PBXFileReference; fileEncoding = 4; lastKnownFileType = sourcecode.c.h; path = FXDanmakuMacro.h; sourceTree = "<group>"; };
		2932E7CB1E5364AA001006EA /* FXGCDOperationQueue.h */ = {isa = PBXFileReference; fileEncoding = 4; lastKnownFileType = sourcecode.c.h; path = FXGCDOperationQueue.h; sourceTree = "<group>"; };
		2932E7CC1E5364AA001006EA /* FXGCDOperationQueue.m */ = {isa = PBXFileReference; fileEncoding = 4; lastKnownFileType = sourcecode.c.objc; path = FXGCDOperationQueue.m; sourceTree = "<group>"; };
		2932E7CD1E5364AA001006EA /* FXGCDTimer.h */ = {isa = PBXFileReference; fileEncoding = 4; lastKnownFileType = sourcecode.c.h; path = FXGCDTimer.h; sourceTree = "<group>"; };
		2932E7CE1E5364AA001006EA /* FXGCDTimer.m */ = {isa = PBXFileReference; fileEncoding = 4; lastKnownFileType = sourcecode.c.objc; path = FXGCDTimer.m; sourceTree = "<group>"; };
		2932E7CF1E5364AA001006EA /* FXReusableObjectQueue.h */ = {isa = PBXFileReference; fileEncoding = 4; lastKnownFileType = sourcecode.c.h; path = FXReusableObjectQueue.h; sourceTree = "<group>"; };
		2932E7D01E5364AA001006EA /* FXReusableObjectQueue.m */ = {isa = PBXFileReference; fileEncoding = 4; lastKnownFileType = sourcecode.c.objc; path = FXReusableObjectQueue.m; sourceTree = "<group>"; };
		2932E7D11E5364AA001006EA /* FXSingleRowItemsManager.h */ = {isa = PBXFileReference; fileEncoding = 4; lastKnownFileType = sourcecode.c.h; path = FXSingleRowItemsManager.h; sourceTree = "<group>"; };
		2932E7D21E5364AA001006EA /* FXSingleRowItemsManager.m */ = {isa = PBXFileReference; fileEncoding = 4; lastKnownFileType = sourcecode.c.objc; path = FXSingleRowItemsManager.m; sourceTree = "<group>"; };
		29FEE1FE1E53633B0059CFE5 /* RRFPSBar.h */ = {isa = PBXFileReference; fileEncoding = 4; lastKnownFileType = sourcecode.c.h; path = RRFPSBar.h; sourceTree = "<group>"; };
		29FEE1FF1E53633B0059CFE5 /* RRFPSBar.m */ = {isa = PBXFileReference; fileEncoding = 4; lastKnownFileType = sourcecode.c.objc; path = RRFPSBar.m; sourceTree = "<group>"; };
		652CC5D81E4B29B0002465C2 /* Assets.xcassets */ = {isa = PBXFileReference; lastKnownFileType = folder.assetcatalog; path = Assets.xcassets; sourceTree = "<group>"; };
		D0E737B01CB1057400BAC448 /* NSObject+FXAlertView.h */ = {isa = PBXFileReference; fileEncoding = 4; lastKnownFileType = sourcecode.c.h; path = "NSObject+FXAlertView.h"; sourceTree = "<group>"; };
		D0E737B11CB1057400BAC448 /* NSObject+FXAlertView.m */ = {isa = PBXFileReference; fileEncoding = 4; lastKnownFileType = sourcecode.c.objc; path = "NSObject+FXAlertView.m"; sourceTree = "<group>"; };
/* End PBXFileReference section */

/* Begin PBXFrameworksBuildPhase section */
		2916B83F1C96FFC9003A1AF9 /* Frameworks */ = {
			isa = PBXFrameworksBuildPhase;
			buildActionMask = 2147483647;
			files = (
			);
			runOnlyForDeploymentPostprocessing = 0;
		};
/* End PBXFrameworksBuildPhase section */

/* Begin PBXGroup section */
		2916B8391C96FFC9003A1AF9 = {
			isa = PBXGroup;
			children = (
				2916B8441C96FFC9003A1AF9 /* FXDanmakuDemo */,
				2916B8431C96FFC9003A1AF9 /* Products */,
			);
			sourceTree = "<group>";
		};
		2916B8431C96FFC9003A1AF9 /* Products */ = {
			isa = PBXGroup;
			children = (
				2916B8421C96FFC9003A1AF9 /* FXDanmakuDemo.app */,
			);
			name = Products;
			sourceTree = "<group>";
		};
		2916B8441C96FFC9003A1AF9 /* FXDanmakuDemo */ = {
			isa = PBXGroup;
			children = (
				2916B8481C96FFC9003A1AF9 /* AppDelegate.h */,
				2916B8491C96FFC9003A1AF9 /* AppDelegate.m */,
				2916B84B1C96FFC9003A1AF9 /* DemoViewController.h */,
				2916B84C1C96FFC9003A1AF9 /* DemoViewController.m */,
				292C683D1E51FF4F0010F799 /* DemoDanmakuItemA.h */,
				292C683E1E51FF4F0010F799 /* DemoDanmakuItemA.m */,
				292C68431E52003D0010F799 /* DemoDanmakuItemA.xib */,
				292C68401E51FF620010F799 /* DemoDanmakuItemAData.h */,
				292C68411E51FF620010F799 /* DemoDanmakuItemAData.m */,
				2932E7C01E5364AA001006EA /* FXDanmaku */,
				D0E737B31CB1057900BAC448 /* Util */,
				2916B84E1C96FFC9003A1AF9 /* Main.storyboard */,
				2916B8531C96FFC9003A1AF9 /* LaunchScreen.storyboard */,
				652CC5D81E4B29B0002465C2 /* Assets.xcassets */,
				2916B8561C96FFC9003A1AF9 /* Info.plist */,
				2916B8451C96FFC9003A1AF9 /* Supporting Files */,
			);
			path = FXDanmakuDemo;
			sourceTree = "<group>";
		};
		2916B8451C96FFC9003A1AF9 /* Supporting Files */ = {
			isa = PBXGroup;
			children = (
				2916B8461C96FFC9003A1AF9 /* main.m */,
			);
			name = "Supporting Files";
			sourceTree = "<group>";
		};
		2932E7C01E5364AA001006EA /* FXDanmaku */ = {
			isa = PBXGroup;
			children = (
				2932E7C11E5364AA001006EA /* FXDanmaku.h */,
				2932E7C21E5364AA001006EA /* FXDanmaku.m */,
				2932E7C31E5364AA001006EA /* FXDanmakuConfiguration.h */,
				2932E7C41E5364AA001006EA /* FXDanmakuConfiguration.m */,
				2932E7C51E5364AA001006EA /* FXDanmakuItem.h */,
				2932E7C61E5364AA001006EA /* FXDanmakuItem.m */,
				2932E7C71E5364AA001006EA /* FXDanmakuItem_Private.h */,
				2932E7C81E5364AA001006EA /* FXDanmakuItemData.h */,
				2932E7C91E5364AA001006EA /* FXDanmakuItemData.m */,
				2932E7CA1E5364AA001006EA /* FXDanmakuMacro.h */,
				2932E7CB1E5364AA001006EA /* FXGCDOperationQueue.h */,
				2932E7CC1E5364AA001006EA /* FXGCDOperationQueue.m */,
				2932E7CD1E5364AA001006EA /* FXGCDTimer.h */,
				2932E7CE1E5364AA001006EA /* FXGCDTimer.m */,
				2932E7CF1E5364AA001006EA /* FXReusableObjectQueue.h */,
				2932E7D01E5364AA001006EA /* FXReusableObjectQueue.m */,
				2932E7D11E5364AA001006EA /* FXSingleRowItemsManager.h */,
				2932E7D21E5364AA001006EA /* FXSingleRowItemsManager.m */,
			);
			path = FXDanmaku;
			sourceTree = "<group>";
		};
		D0E737B31CB1057900BAC448 /* Util */ = {
			isa = PBXGroup;
			children = (
				292C68331E51F86D0010F799 /* UIImageView+CornerRadius.h */,
				292C68341E51F86D0010F799 /* UIImageView+CornerRadius.m */,
				D0E737B01CB1057400BAC448 /* NSObject+FXAlertView.h */,
				D0E737B11CB1057400BAC448 /* NSObject+FXAlertView.m */,
				29FEE1FE1E53633B0059CFE5 /* RRFPSBar.h */,
				29FEE1FF1E53633B0059CFE5 /* RRFPSBar.m */,
			);
			name = Util;
			sourceTree = "<group>";
		};
/* End PBXGroup section */

/* Begin PBXNativeTarget section */
		2916B8411C96FFC9003A1AF9 /* FXDanmakuDemo */ = {
			isa = PBXNativeTarget;
			buildConfigurationList = 2916B8591C96FFC9003A1AF9 /* Build configuration list for PBXNativeTarget "FXDanmakuDemo" */;
			buildPhases = (
				2916B83E1C96FFC9003A1AF9 /* Sources */,
				2916B83F1C96FFC9003A1AF9 /* Frameworks */,
				2916B8401C96FFC9003A1AF9 /* Resources */,
			);
			buildRules = (
			);
			dependencies = (
			);
			name = FXDanmakuDemo;
			productName = FXTrackViewDemo;
			productReference = 2916B8421C96FFC9003A1AF9 /* FXDanmakuDemo.app */;
			productType = "com.apple.product-type.application";
		};
/* End PBXNativeTarget section */

/* Begin PBXProject section */
		2916B83A1C96FFC9003A1AF9 /* Project object */ = {
			isa = PBXProject;
			attributes = {
				LastUpgradeCheck = 0820;
				ORGANIZATIONNAME = ShawnFoo;
				TargetAttributes = {
					2916B8411C96FFC9003A1AF9 = {
						CreatedOnToolsVersion = 7.2.1;
						DevelopmentTeam = J35A4E2F96;
					};
				};
			};
			buildConfigurationList = 2916B83D1C96FFC9003A1AF9 /* Build configuration list for PBXProject "FXDanmakuDemo" */;
			compatibilityVersion = "Xcode 3.2";
			developmentRegion = English;
			hasScannedForEncodings = 0;
			knownRegions = (
				en,
				Base,
			);
			mainGroup = 2916B8391C96FFC9003A1AF9;
			productRefGroup = 2916B8431C96FFC9003A1AF9 /* Products */;
			projectDirPath = "";
			projectRoot = "";
			targets = (
				2916B8411C96FFC9003A1AF9 /* FXDanmakuDemo */,
			);
		};
/* End PBXProject section */

/* Begin PBXResourcesBuildPhase section */
		2916B8401C96FFC9003A1AF9 /* Resources */ = {
			isa = PBXResourcesBuildPhase;
			buildActionMask = 2147483647;
			files = (
				2916B8551C96FFC9003A1AF9 /* LaunchScreen.storyboard in Resources */,
				292C68441E52003D0010F799 /* DemoDanmakuItemA.xib in Resources */,
				652CC5D91E4B29B0002465C2 /* Assets.xcassets in Resources */,
				2916B8501C96FFC9003A1AF9 /* Main.storyboard in Resources */,
			);
			runOnlyForDeploymentPostprocessing = 0;
		};
/* End PBXResourcesBuildPhase section */

/* Begin PBXSourcesBuildPhase section */
		2916B83E1C96FFC9003A1AF9 /* Sources */ = {
			isa = PBXSourcesBuildPhase;
			buildActionMask = 2147483647;
			files = (
				2932E7D81E5364AA001006EA /* FXGCDTimer.m in Sources */,
				2916B84D1C96FFC9003A1AF9 /* DemoViewController.m in Sources */,
				2932E7D31E5364AA001006EA /* FXDanmaku.m in Sources */,
				2932E7D71E5364AA001006EA /* FXGCDOperationQueue.m in Sources */,
				292C68351E51F86D0010F799 /* UIImageView+CornerRadius.m in Sources */,
				2916B84A1C96FFC9003A1AF9 /* AppDelegate.m in Sources */,
				292C68421E51FF620010F799 /* DemoDanmakuItemAData.m in Sources */,
				29FEE2001E53633B0059CFE5 /* RRFPSBar.m in Sources */,
				2932E7D61E5364AA001006EA /* FXDanmakuItemData.m in Sources */,
				2932E7DA1E5364AA001006EA /* FXSingleRowItemsManager.m in Sources */,
				2916B8471C96FFC9003A1AF9 /* main.m in Sources */,
				292C683F1E51FF4F0010F799 /* DemoDanmakuItemA.m in Sources */,
				2932E7D51E5364AA001006EA /* FXDanmakuItem.m in Sources */,
				2932E7D41E5364AA001006EA /* FXDanmakuConfiguration.m in Sources */,
				D0E737B21CB1057400BAC448 /* NSObject+FXAlertView.m in Sources */,
				2932E7D91E5364AA001006EA /* FXReusableObjectQueue.m in Sources */,
			);
			runOnlyForDeploymentPostprocessing = 0;
		};
/* End PBXSourcesBuildPhase section */

/* Begin PBXVariantGroup section */
		2916B84E1C96FFC9003A1AF9 /* Main.storyboard */ = {
			isa = PBXVariantGroup;
			children = (
				2916B84F1C96FFC9003A1AF9 /* Base */,
			);
			name = Main.storyboard;
			sourceTree = "<group>";
		};
		2916B8531C96FFC9003A1AF9 /* LaunchScreen.storyboard */ = {
			isa = PBXVariantGroup;
			children = (
				2916B8541C96FFC9003A1AF9 /* Base */,
			);
			name = LaunchScreen.storyboard;
			sourceTree = "<group>";
		};
/* End PBXVariantGroup section */

/* Begin XCBuildConfiguration section */
		2916B8571C96FFC9003A1AF9 /* Debug */ = {
			isa = XCBuildConfiguration;
			buildSettings = {
				ALWAYS_SEARCH_USER_PATHS = NO;
				CLANG_CXX_LANGUAGE_STANDARD = "gnu++0x";
				CLANG_CXX_LIBRARY = "libc++";
				CLANG_ENABLE_MODULES = YES;
				CLANG_ENABLE_OBJC_ARC = YES;
				CLANG_WARN_BOOL_CONVERSION = YES;
				CLANG_WARN_CONSTANT_CONVERSION = YES;
				CLANG_WARN_DIRECT_OBJC_ISA_USAGE = YES_ERROR;
				CLANG_WARN_EMPTY_BODY = YES;
				CLANG_WARN_ENUM_CONVERSION = YES;
				CLANG_WARN_INFINITE_RECURSION = YES;
				CLANG_WARN_INT_CONVERSION = YES;
				CLANG_WARN_OBJC_ROOT_CLASS = YES_ERROR;
				CLANG_WARN_SUSPICIOUS_MOVE = YES;
				CLANG_WARN_UNREACHABLE_CODE = YES;
				CLANG_WARN__DUPLICATE_METHOD_MATCH = YES;
				"CODE_SIGN_IDENTITY[sdk=iphoneos*]" = "iPhone Developer";
				COPY_PHASE_STRIP = NO;
				DEBUG_INFORMATION_FORMAT = dwarf;
				ENABLE_STRICT_OBJC_MSGSEND = YES;
				ENABLE_TESTABILITY = YES;
				GCC_C_LANGUAGE_STANDARD = gnu99;
				GCC_DYNAMIC_NO_PIC = NO;
				GCC_NO_COMMON_BLOCKS = YES;
				GCC_OPTIMIZATION_LEVEL = 0;
				GCC_PREPROCESSOR_DEFINITIONS = (
					"DEBUG=1",
					"$(inherited)",
				);
				GCC_WARN_64_TO_32_BIT_CONVERSION = YES;
				GCC_WARN_ABOUT_RETURN_TYPE = YES_ERROR;
				GCC_WARN_UNDECLARED_SELECTOR = YES;
				GCC_WARN_UNINITIALIZED_AUTOS = YES_AGGRESSIVE;
				GCC_WARN_UNUSED_FUNCTION = YES;
				GCC_WARN_UNUSED_VARIABLE = YES;
				IPHONEOS_DEPLOYMENT_TARGET = 8.0;
				MTL_ENABLE_DEBUG_INFO = YES;
				ONLY_ACTIVE_ARCH = YES;
				SDKROOT = iphoneos;
			};
			name = Debug;
		};
		2916B8581C96FFC9003A1AF9 /* Release */ = {
			isa = XCBuildConfiguration;
			buildSettings = {
				ALWAYS_SEARCH_USER_PATHS = NO;
				CLANG_CXX_LANGUAGE_STANDARD = "gnu++0x";
				CLANG_CXX_LIBRARY = "libc++";
				CLANG_ENABLE_MODULES = YES;
				CLANG_ENABLE_OBJC_ARC = YES;
				CLANG_WARN_BOOL_CONVERSION = YES;
				CLANG_WARN_CONSTANT_CONVERSION = YES;
				CLANG_WARN_DIRECT_OBJC_ISA_USAGE = YES_ERROR;
				CLANG_WARN_EMPTY_BODY = YES;
				CLANG_WARN_ENUM_CONVERSION = YES;
				CLANG_WARN_INFINITE_RECURSION = YES;
				CLANG_WARN_INT_CONVERSION = YES;
				CLANG_WARN_OBJC_ROOT_CLASS = YES_ERROR;
				CLANG_WARN_SUSPICIOUS_MOVE = YES;
				CLANG_WARN_UNREACHABLE_CODE = YES;
				CLANG_WARN__DUPLICATE_METHOD_MATCH = YES;
				"CODE_SIGN_IDENTITY[sdk=iphoneos*]" = "iPhone Developer";
				COPY_PHASE_STRIP = NO;
				DEBUG_INFORMATION_FORMAT = "dwarf-with-dsym";
				ENABLE_NS_ASSERTIONS = NO;
				ENABLE_STRICT_OBJC_MSGSEND = YES;
				GCC_C_LANGUAGE_STANDARD = gnu99;
				GCC_NO_COMMON_BLOCKS = YES;
				GCC_WARN_64_TO_32_BIT_CONVERSION = YES;
				GCC_WARN_ABOUT_RETURN_TYPE = YES_ERROR;
				GCC_WARN_UNDECLARED_SELECTOR = YES;
				GCC_WARN_UNINITIALIZED_AUTOS = YES_AGGRESSIVE;
				GCC_WARN_UNUSED_FUNCTION = YES;
				GCC_WARN_UNUSED_VARIABLE = YES;
				IPHONEOS_DEPLOYMENT_TARGET = 8.0;
				MTL_ENABLE_DEBUG_INFO = NO;
				SDKROOT = iphoneos;
				VALIDATE_PRODUCT = YES;
			};
			name = Release;
		};
		2916B85A1C96FFC9003A1AF9 /* Debug */ = {
			isa = XCBuildConfiguration;
			buildSettings = {
				ASSETCATALOG_COMPILER_APPICON_NAME = AppIcon;
				ASSETCATALOG_COMPILER_LAUNCHIMAGE_NAME = LaunchImage;
				CODE_SIGN_IDENTITY = "iPhone Developer";
				"CODE_SIGN_IDENTITY[sdk=iphoneos*]" = "iPhone Developer";
				INFOPLIST_FILE = "$(SRCROOT)/FXDanmakuDemo/Info.plist";
				IPHONEOS_DEPLOYMENT_TARGET = 8.0;
				LD_RUNPATH_SEARCH_PATHS = "$(inherited) @executable_path/Frameworks";
				PRODUCT_BUNDLE_IDENTIFIER = ShawnFoo.FXDanmakuDemo;
				PRODUCT_NAME = "$(TARGET_NAME)";
				PROVISIONING_PROFILE = "";
			};
			name = Debug;
		};
		2916B85B1C96FFC9003A1AF9 /* Release */ = {
			isa = XCBuildConfiguration;
			buildSettings = {
				ASSETCATALOG_COMPILER_APPICON_NAME = AppIcon;
				ASSETCATALOG_COMPILER_LAUNCHIMAGE_NAME = LaunchImage;
				CODE_SIGN_IDENTITY = "iPhone Developer";
				"CODE_SIGN_IDENTITY[sdk=iphoneos*]" = "iPhone Developer";
				INFOPLIST_FILE = "$(SRCROOT)/FXDanmakuDemo/Info.plist";
				IPHONEOS_DEPLOYMENT_TARGET = 8.0;
				LD_RUNPATH_SEARCH_PATHS = "$(inherited) @executable_path/Frameworks";
				PRODUCT_BUNDLE_IDENTIFIER = ShawnFoo.FXDanmakuDemo;
				PRODUCT_NAME = "$(TARGET_NAME)";
				PROVISIONING_PROFILE = "";
			};
			name = Release;
		};
/* End XCBuildConfiguration section */

/* Begin XCConfigurationList section */
		2916B83D1C96FFC9003A1AF9 /* Build configuration list for PBXProject "FXDanmakuDemo" */ = {
			isa = XCConfigurationList;
			buildConfigurations = (
				2916B8571C96FFC9003A1AF9 /* Debug */,
				2916B8581C96FFC9003A1AF9 /* Release */,
			);
			defaultConfigurationIsVisible = 0;
			defaultConfigurationName = Release;
		};
		2916B8591C96FFC9003A1AF9 /* Build configuration list for PBXNativeTarget "FXDanmakuDemo" */ = {
			isa = XCConfigurationList;
			buildConfigurations = (
				2916B85A1C96FFC9003A1AF9 /* Debug */,
				2916B85B1C96FFC9003A1AF9 /* Release */,
			);
			defaultConfigurationIsVisible = 0;
			defaultConfigurationName = Release;
		};
/* End XCConfigurationList section */
	};
	rootObject = 2916B83A1C96FFC9003A1AF9 /* Project object */;
}
