// !$*UTF8*$!
{
	archiveVersion = 1;
	classes = {
	};
	objectVersion = 46;
	objects = {

/* Begin PBXBuildFile section */
		2916B8471C96FFC9003A1AF9 /* main.m in Sources */ = {isa = PBXBuildFile; fileRef = 2916B8461C96FFC9003A1AF9 /* main.m */; };
		2916B84A1C96FFC9003A1AF9 /* AppDelegate.m in Sources */ = {isa = PBXBuildFile; fileRef = 2916B8491C96FFC9003A1AF9 /* AppDelegate.m */; };
		2916B84D1C96FFC9003A1AF9 /* DemoViewController.m in Sources */ = {isa = PBXBuildFile; fileRef = 2916B84C1C96FFC9003A1AF9 /* DemoViewController.m */; };
		2916B8501C96FFC9003A1AF9 /* Main.storyboard in Resources */ = {isa = PBXBuildFile; fileRef = 2916B84E1C96FFC9003A1AF9 /* Main.storyboard */; };
		2916B8521C96FFC9003A1AF9 /* Assets.xcassets in Resources */ = {isa = PBXBuildFile; fileRef = 2916B8511C96FFC9003A1AF9 /* Assets.xcassets */; };
		2916B8551C96FFC9003A1AF9 /* LaunchScreen.storyboard in Resources */ = {isa = PBXBuildFile; fileRef = 2916B8531C96FFC9003A1AF9 /* LaunchScreen.storyboard */; };
		2916B8621C97033D003A1AF9 /* FXTrackView.m in Sources */ = {isa = PBXBuildFile; fileRef = 2916B85E1C97033D003A1AF9 /* FXTrackView.m */; };
		2916B8631C97033D003A1AF9 /* FXDeallocMonitor.m in Sources */ = {isa = PBXBuildFile; fileRef = 2916B8611C97033D003A1AF9 /* FXDeallocMonitor.m */; };
		D0E737B21CB1057400BAC448 /* NSObject+FXAlertView.m in Sources */ = {isa = PBXBuildFile; fileRef = D0E737B11CB1057400BAC448 /* NSObject+FXAlertView.m */; };
/* End PBXBuildFile section */

/* Begin PBXFileReference section */
		2916B8421C96FFC9003A1AF9 /* FXTrackViewDemo.app */ = {isa = PBXFileReference; explicitFileType = wrapper.application; includeInIndex = 0; path = FXTrackViewDemo.app; sourceTree = BUILT_PRODUCTS_DIR; };
		2916B8461C96FFC9003A1AF9 /* main.m */ = {isa = PBXFileReference; lastKnownFileType = sourcecode.c.objc; path = main.m; sourceTree = "<group>"; };
		2916B8481C96FFC9003A1AF9 /* AppDelegate.h */ = {isa = PBXFileReference; lastKnownFileType = sourcecode.c.h; path = AppDelegate.h; sourceTree = "<group>"; };
		2916B8491C96FFC9003A1AF9 /* AppDelegate.m */ = {isa = PBXFileReference; lastKnownFileType = sourcecode.c.objc; path = AppDelegate.m; sourceTree = "<group>"; };
		2916B84B1C96FFC9003A1AF9 /* DemoViewController.h */ = {isa = PBXFileReference; lastKnownFileType = sourcecode.c.h; path = DemoViewController.h; sourceTree = "<group>"; };
		2916B84C1C96FFC9003A1AF9 /* DemoViewController.m */ = {isa = PBXFileReference; lastKnownFileType = sourcecode.c.objc; path = DemoViewController.m; sourceTree = "<group>"; };
		2916B84F1C96FFC9003A1AF9 /* Base */ = {isa = PBXFileReference; lastKnownFileType = file.storyboard; name = Base; path = Base.lproj/Main.storyboard; sourceTree = "<group>"; };
		2916B8511C96FFC9003A1AF9 /* Assets.xcassets */ = {isa = PBXFileReference; lastKnownFileType = folder.assetcatalog; path = Assets.xcassets; sourceTree = "<group>"; };
		2916B8541C96FFC9003A1AF9 /* Base */ = {isa = PBXFileReference; lastKnownFileType = file.storyboard; name = Base; path = Base.lproj/LaunchScreen.storyboard; sourceTree = "<group>"; };
		2916B8561C96FFC9003A1AF9 /* Info.plist */ = {isa = PBXFileReference; lastKnownFileType = text.plist.xml; path = Info.plist; sourceTree = "<group>"; };
		2916B85D1C97033D003A1AF9 /* FXTrackView.h */ = {isa = PBXFileReference; fileEncoding = 4; lastKnownFileType = sourcecode.c.h; path = FXTrackView.h; sourceTree = "<group>"; };
		2916B85E1C97033D003A1AF9 /* FXTrackView.m */ = {isa = PBXFileReference; fileEncoding = 4; lastKnownFileType = sourcecode.c.objc; path = FXTrackView.m; sourceTree = "<group>"; };
		2916B85F1C97033D003A1AF9 /* FXTrackViewHeader.h */ = {isa = PBXFileReference; fileEncoding = 4; lastKnownFileType = sourcecode.c.h; path = FXTrackViewHeader.h; sourceTree = "<group>"; };
		2916B8601C97033D003A1AF9 /* FXDeallocMonitor.h */ = {isa = PBXFileReference; fileEncoding = 4; lastKnownFileType = sourcecode.c.h; path = FXDeallocMonitor.h; sourceTree = "<group>"; };
		2916B8611C97033D003A1AF9 /* FXDeallocMonitor.m */ = {isa = PBXFileReference; fileEncoding = 4; lastKnownFileType = sourcecode.c.objc; path = FXDeallocMonitor.m; sourceTree = "<group>"; };
		D0E737B01CB1057400BAC448 /* NSObject+FXAlertView.h */ = {isa = PBXFileReference; fileEncoding = 4; lastKnownFileType = sourcecode.c.h; path = "NSObject+FXAlertView.h"; sourceTree = "<group>"; };
		D0E737B11CB1057400BAC448 /* NSObject+FXAlertView.m */ = {isa = PBXFileReference; fileEncoding = 4; lastKnownFileType = sourcecode.c.objc; path = "NSObject+FXAlertView.m"; sourceTree = "<group>"; };
/* End PBXFileReference section */

/* Begin PBXFrameworksBuildPhase section */
		2916B83F1C96FFC9003A1AF9 /* Frameworks */ = {
			isa = PBXFrameworksBuildPhase;
			buildActionMask = 2147483647;
			files = (
			);
			runOnlyForDeploymentPostprocessing = 0;
		};
/* End PBXFrameworksBuildPhase section */

/* Begin PBXGroup section */
		2916B8391C96FFC9003A1AF9 = {
			isa = PBXGroup;
			children = (
				2916B8441C96FFC9003A1AF9 /* FXTrackViewDemo */,
				2916B8431C96FFC9003A1AF9 /* Products */,
			);
			sourceTree = "<group>";
		};
		2916B8431C96FFC9003A1AF9 /* Products */ = {
			isa = PBXGroup;
			children = (
				2916B8421C96FFC9003A1AF9 /* FXTrackViewDemo.app */,
			);
			name = Products;
			sourceTree = "<group>";
		};
		2916B8441C96FFC9003A1AF9 /* FXTrackViewDemo */ = {
			isa = PBXGroup;
			children = (
				2916B85C1C97033D003A1AF9 /* FXTrackView */,
				2916B8481C96FFC9003A1AF9 /* AppDelegate.h */,
				2916B8491C96FFC9003A1AF9 /* AppDelegate.m */,
				2916B84B1C96FFC9003A1AF9 /* DemoViewController.h */,
				2916B84C1C96FFC9003A1AF9 /* DemoViewController.m */,
				D0E737B31CB1057900BAC448 /* Util */,
				2916B84E1C96FFC9003A1AF9 /* Main.storyboard */,
				2916B8511C96FFC9003A1AF9 /* Assets.xcassets */,
				2916B8531C96FFC9003A1AF9 /* LaunchScreen.storyboard */,
				2916B8561C96FFC9003A1AF9 /* Info.plist */,
				2916B8451C96FFC9003A1AF9 /* Supporting Files */,
			);
			path = FXTrackViewDemo;
			sourceTree = "<group>";
		};
		2916B8451C96FFC9003A1AF9 /* Supporting Files */ = {
			isa = PBXGroup;
			children = (
				2916B8461C96FFC9003A1AF9 /* main.m */,
			);
			name = "Supporting Files";
			sourceTree = "<group>";
		};
		2916B85C1C97033D003A1AF9 /* FXTrackView */ = {
			isa = PBXGroup;
			children = (
				2916B85D1C97033D003A1AF9 /* FXTrackView.h */,
				2916B85E1C97033D003A1AF9 /* FXTrackView.m */,
				2916B85F1C97033D003A1AF9 /* FXTrackViewHeader.h */,
				2916B8601C97033D003A1AF9 /* FXDeallocMonitor.h */,
				2916B8611C97033D003A1AF9 /* FXDeallocMonitor.m */,
			);
			name = FXTrackView;
			path = ../../FXTrackView;
			sourceTree = "<group>";
		};
		D0E737B31CB1057900BAC448 /* Util */ = {
			isa = PBXGroup;
			children = (
				D0E737B01CB1057400BAC448 /* NSObject+FXAlertView.h */,
				D0E737B11CB1057400BAC448 /* NSObject+FXAlertView.m */,
			);
			name = Util;
			sourceTree = "<group>";
		};
/* End PBXGroup section */

/* Begin PBXNativeTarget section */
		2916B8411C96FFC9003A1AF9 /* FXTrackViewDemo */ = {
			isa = PBXNativeTarget;
			buildConfigurationList = 2916B8591C96FFC9003A1AF9 /* Build configuration list for PBXNativeTarget "FXTrackViewDemo" */;
			buildPhases = (
				2916B83E1C96FFC9003A1AF9 /* Sources */,
				2916B83F1C96FFC9003A1AF9 /* Frameworks */,
				2916B8401C96FFC9003A1AF9 /* Resources */,
			);
			buildRules = (
			);
			dependencies = (
			);
			name = FXTrackViewDemo;
			productName = FXTrackViewDemo;
			productReference = 2916B8421C96FFC9003A1AF9 /* FXTrackViewDemo.app */;
			productType = "com.apple.product-type.application";
		};
/* End PBXNativeTarget section */

/* Begin PBXProject section */
		2916B83A1C96FFC9003A1AF9 /* Project object */ = {
			isa = PBXProject;
			attributes = {
				LastUpgradeCheck = 0720;
				ORGANIZATIONNAME = ShawnFoo;
				TargetAttributes = {
					2916B8411C96FFC9003A1AF9 = {
						CreatedOnToolsVersion = 7.2.1;
						DevelopmentTeam = J35A4E2F96;
					};
				};
			};
			buildConfigurationList = 2916B83D1C96FFC9003A1AF9 /* Build configuration list for PBXProject "FXTrackViewDemo" */;
			compatibilityVersion = "Xcode 3.2";
			developmentRegion = English;
			hasScannedForEncodings = 0;
			knownRegions = (
				en,
				Base,
			);
			mainGroup = 2916B8391C96FFC9003A1AF9;
			productRefGroup = 2916B8431C96FFC9003A1AF9 /* Products */;
			projectDirPath = "";
			projectRoot = "";
			targets = (
				2916B8411C96FFC9003A1AF9 /* FXTrackViewDemo */,
			);
		};
/* End PBXProject section */

/* Begin PBXResourcesBuildPhase section */
		2916B8401C96FFC9003A1AF9 /* Resources */ = {
			isa = PBXResourcesBuildPhase;
			buildActionMask = 2147483647;
			files = (
				2916B8551C96FFC9003A1AF9 /* LaunchScreen.storyboard in Resources */,
				2916B8521C96FFC9003A1AF9 /* Assets.xcassets in Resources */,
				2916B8501C96FFC9003A1AF9 /* Main.storyboard in Resources */,
			);
			runOnlyForDeploymentPostprocessing = 0;
		};
/* End PBXResourcesBuildPhase section */

/* Begin PBXSourcesBuildPhase section */
		2916B83E1C96FFC9003A1AF9 /* Sources */ = {
			isa = PBXSourcesBuildPhase;
			buildActionMask = 2147483647;
			files = (
				2916B84D1C96FFC9003A1AF9 /* DemoViewController.m in Sources */,
				2916B84A1C96FFC9003A1AF9 /* AppDelegate.m in Sources */,
				2916B8631C97033D003A1AF9 /* FXDeallocMonitor.m in Sources */,
				2916B8471C96FFC9003A1AF9 /* main.m in Sources */,
				2916B8621C97033D003A1AF9 /* FXTrackView.m in Sources */,
				D0E737B21CB1057400BAC448 /* NSObject+FXAlertView.m in Sources */,
			);
			runOnlyForDeploymentPostprocessing = 0;
		};
/* End PBXSourcesBuildPhase section */

/* Begin PBXVariantGroup section */
		2916B84E1C96FFC9003A1AF9 /* Main.storyboard */ = {
			isa = PBXVariantGroup;
			children = (
				2916B84F1C96FFC9003A1AF9 /* Base */,
			);
			name = Main.storyboard;
			sourceTree = "<group>";
		};
		2916B8531C96FFC9003A1AF9 /* LaunchScreen.storyboard */ = {
			isa = PBXVariantGroup;
			children = (
				2916B8541C96FFC9003A1AF9 /* Base */,
			);
			name = LaunchScreen.storyboard;
			sourceTree = "<group>";
		};
/* End PBXVariantGroup section */

/* Begin XCBuildConfiguration section */
		2916B8571C96FFC9003A1AF9 /* Debug */ = {
			isa = XCBuildConfiguration;
			buildSettings = {
				ALWAYS_SEARCH_USER_PATHS = NO;
				CLANG_CXX_LANGUAGE_STANDARD = "gnu++0x";
				CLANG_CXX_LIBRARY = "libc++";
				CLANG_ENABLE_MODULES = YES;
				CLANG_ENABLE_OBJC_ARC = YES;
				CLANG_WARN_BOOL_CONVERSION = YES;
				CLANG_WARN_CONSTANT_CONVERSION = YES;
				CLANG_WARN_DIRECT_OBJC_ISA_USAGE = YES_ERROR;
				CLANG_WARN_EMPTY_BODY = YES;
				CLANG_WARN_ENUM_CONVERSION = YES;
				CLANG_WARN_INT_CONVERSION = YES;
				CLANG_WARN_OBJC_ROOT_CLASS = YES_ERROR;
				CLANG_WARN_UNREACHABLE_CODE = YES;
				CLANG_WARN__DUPLICATE_METHOD_MATCH = YES;
				"CODE_SIGN_IDENTITY[sdk=iphoneos*]" = "iPhone Developer";
				COPY_PHASE_STRIP = NO;
				DEBUG_INFORMATION_FORMAT = dwarf;
				ENABLE_STRICT_OBJC_MSGSEND = YES;
				ENABLE_TESTABILITY = YES;
				GCC_C_LANGUAGE_STANDARD = gnu99;
				GCC_DYNAMIC_NO_PIC = NO;
				GCC_NO_COMMON_BLOCKS = YES;
				GCC_OPTIMIZATION_LEVEL = 0;
				GCC_PREPROCESSOR_DEFINITIONS = (
					"DEBUG=1",
					"$(inherited)",
				);
				GCC_WARN_64_TO_32_BIT_CONVERSION = YES;
				GCC_WARN_ABOUT_RETURN_TYPE = YES_ERROR;
				GCC_WARN_UNDECLARED_SELECTOR = YES;
				GCC_WARN_UNINITIALIZED_AUTOS = YES_AGGRESSIVE;
				GCC_WARN_UNUSED_FUNCTION = YES;
				GCC_WARN_UNUSED_VARIABLE = YES;
				IPHONEOS_DEPLOYMENT_TARGET = 7.0;
				MTL_ENABLE_DEBUG_INFO = YES;
				ONLY_ACTIVE_ARCH = YES;
				SDKROOT = iphoneos;
			};
			name = Debug;
		};
		2916B8581C96FFC9003A1AF9 /* Release */ = {
			isa = XCBuildConfiguration;
			buildSettings = {
				ALWAYS_SEARCH_USER_PATHS = NO;
				CLANG_CXX_LANGUAGE_STANDARD = "gnu++0x";
				CLANG_CXX_LIBRARY = "libc++";
				CLANG_ENABLE_MODULES = YES;
				CLANG_ENABLE_OBJC_ARC = YES;
				CLANG_WARN_BOOL_CONVERSION = YES;
				CLANG_WARN_CONSTANT_CONVERSION = YES;
				CLANG_WARN_DIRECT_OBJC_ISA_USAGE = YES_ERROR;
				CLANG_WARN_EMPTY_BODY = YES;
				CLANG_WARN_ENUM_CONVERSION = YES;
				CLANG_WARN_INT_CONVERSION = YES;
				CLANG_WARN_OBJC_ROOT_CLASS = YES_ERROR;
				CLANG_WARN_UNREACHABLE_CODE = YES;
				CLANG_WARN__DUPLICATE_METHOD_MATCH = YES;
				"CODE_SIGN_IDENTITY[sdk=iphoneos*]" = "iPhone Developer";
				COPY_PHASE_STRIP = NO;
				DEBUG_INFORMATION_FORMAT = "dwarf-with-dsym";
				ENABLE_NS_ASSERTIONS = NO;
				ENABLE_STRICT_OBJC_MSGSEND = YES;
				GCC_C_LANGUAGE_STANDARD = gnu99;
				GCC_NO_COMMON_BLOCKS = YES;
				GCC_WARN_64_TO_32_BIT_CONVERSION = YES;
				GCC_WARN_ABOUT_RETURN_TYPE = YES_ERROR;
				GCC_WARN_UNDECLARED_SELECTOR = YES;
				GCC_WARN_UNINITIALIZED_AUTOS = YES_AGGRESSIVE;
				GCC_WARN_UNUSED_FUNCTION = YES;
				GCC_WARN_UNUSED_VARIABLE = YES;
				IPHONEOS_DEPLOYMENT_TARGET = 7.0;
				MTL_ENABLE_DEBUG_INFO = NO;
				SDKROOT = iphoneos;
				VALIDATE_PRODUCT = YES;
			};
			name = Release;
		};
		2916B85A1C96FFC9003A1AF9 /* Debug */ = {
			isa = XCBuildConfiguration;
			buildSettings = {
				ASSETCATALOG_COMPILER_APPICON_NAME = AppIcon;
				ASSETCATALOG_COMPILER_LAUNCHIMAGE_NAME = "Brand Assets";
				CODE_SIGN_IDENTITY = "iPhone Developer";
				"CODE_SIGN_IDENTITY[sdk=iphoneos*]" = "iPhone Developer";
				INFOPLIST_FILE = FXTrackViewDemo/Info.plist;
				LD_RUNPATH_SEARCH_PATHS = "$(inherited) @executable_path/Frameworks";
				PRODUCT_BUNDLE_IDENTIFIER = ShawnFoo.FXTrackViewDemo;
				PRODUCT_NAME = "$(TARGET_NAME)";
				PROVISIONING_PROFILE = "";
			};
			name = Debug;
		};
		2916B85B1C96FFC9003A1AF9 /* Release */ = {
			isa = XCBuildConfiguration;
			buildSettings = {
				ASSETCATALOG_COMPILER_APPICON_NAME = AppIcon;
				ASSETCATALOG_COMPILER_LAUNCHIMAGE_NAME = "Brand Assets";
				CODE_SIGN_IDENTITY = "iPhone Developer";
				"CODE_SIGN_IDENTITY[sdk=iphoneos*]" = "iPhone Developer";
				INFOPLIST_FILE = FXTrackViewDemo/Info.plist;
				LD_RUNPATH_SEARCH_PATHS = "$(inherited) @executable_path/Frameworks";
				PRODUCT_BUNDLE_IDENTIFIER = ShawnFoo.FXTrackViewDemo;
				PRODUCT_NAME = "$(TARGET_NAME)";
				PROVISIONING_PROFILE = "";
			};
			name = Release;
		};
/* End XCBuildConfiguration section */

/* Begin XCConfigurationList section */
		2916B83D1C96FFC9003A1AF9 /* Build configuration list for PBXProject "FXTrackViewDemo" */ = {
			isa = XCConfigurationList;
			buildConfigurations = (
				2916B8571C96FFC9003A1AF9 /* Debug */,
				2916B8581C96FFC9003A1AF9 /* Release */,
			);
			defaultConfigurationIsVisible = 0;
			defaultConfigurationName = Release;
		};
		2916B8591C96FFC9003A1AF9 /* Build configuration list for PBXNativeTarget "FXTrackViewDemo" */ = {
			isa = XCConfigurationList;
			buildConfigurations = (
				2916B85A1C96FFC9003A1AF9 /* Debug */,
				2916B85B1C96FFC9003A1AF9 /* Release */,
			);
			defaultConfigurationIsVisible = 0;
			defaultConfigurationName = Release;
		};
/* End XCConfigurationList section */
	};
	rootObject = 2916B83A1C96FFC9003A1AF9 /* Project object */;
}
